
Microsoft Visual Studio Solution File, Format Version 12.00
# Visual Studio 2012
Project("{FAE04EC0-301F-11D3-BF4B-00C04F79EFBC}") = "DataServices", "DataServices\DataServices.csproj", "{D7060DB1-DF4F-4744-B51E-0EB19DF6D060}"
EndProject
Project("{FAE04EC0-301F-11D3-BF4B-00C04F79EFBC}") = "WPFClientApp", "WPFClientApp\WPFClientApp.csproj", "{64FB2169-2F34-4A08-8781-D98887E773F7}"
EndProject
Global
	GlobalSection(SolutionConfigurationPlatforms) = preSolution
		Debug|Any CPU = Debug|Any CPU
		Release|Any CPU = Release|Any CPU
	EndGlobalSection
	GlobalSection(ProjectConfigurationPlatforms) = postSolution
		{D7060DB1-DF4F-4744-B51E-0EB19DF6D060}.Debug|Any CPU.ActiveCfg = Debug|Any CPU
		{D7060DB1-DF4F-4744-B51E-0EB19DF6D060}.Debug|Any CPU.Build.0 = Debug|Any CPU
		{D7060DB1-DF4F-4744-B51E-0EB19DF6D060}.Release|Any CPU.ActiveCfg = Release|Any CPU
		{D7060DB1-DF4F-4744-B51E-0EB19DF6D060}.Release|Any CPU.Build.0 = Release|Any CPU
		{64FB2169-2F34-4A08-8781-D98887E773F7}.Debug|Any CPU.ActiveCfg = Debug|Any CPU
		{64FB2169-2F34-4A08-8781-D98887E773F7}.Debug|Any CPU.Build.0 = Debug|Any CPU
		{64FB2169-2F34-4A08-8781-D98887E773F7}.Release|Any CPU.ActiveCfg = Release|Any CPU
		{64FB2169-2F34-4A08-8781-D98887E773F7}.Release|Any CPU.Build.0 = Release|Any CPU
	EndGlobalSection
	GlobalSection(SolutionProperties) = preSolution
		HideSolutionNode = FALSE
	EndGlobalSection
EndGlobal
